// !$*UTF8*$!
{
	archiveVersion = 1;
	classes = {
	};
	objectVersion = 50;
	objects = {

/* Begin PBXBuildFile section */
		3C8CB6D122DED403005CCE34 /* AppDelegate.swift in Sources */ = {isa = PBXBuildFile; fileRef = 3C8CB6D022DED403005CCE34 /* AppDelegate.swift */; };
		3C8CB6D322DED403005CCE34 /* ViewController.swift in Sources */ = {isa = PBXBuildFile; fileRef = 3C8CB6D222DED403005CCE34 /* ViewController.swift */; };
		3C8CB6D622DED403005CCE34 /* Main.storyboard in Resources */ = {isa = PBXBuildFile; fileRef = 3C8CB6D422DED403005CCE34 /* Main.storyboard */; };
		3C8CB6D922DED403005CCE34 /* webRTC.xcdatamodeld in Sources */ = {isa = PBXBuildFile; fileRef = 3C8CB6D722DED403005CCE34 /* webRTC.xcdatamodeld */; };
		3C8CB6DB22DED405005CCE34 /* Assets.xcassets in Resources */ = {isa = PBXBuildFile; fileRef = 3C8CB6DA22DED405005CCE34 /* Assets.xcassets */; };
		3C8CB6DE22DED405005CCE34 /* LaunchScreen.storyboard in Resources */ = {isa = PBXBuildFile; fileRef = 3C8CB6DC22DED405005CCE34 /* LaunchScreen.storyboard */; };
		3C8CB6E922DED405005CCE34 /* webRTCTests.swift in Sources */ = {isa = PBXBuildFile; fileRef = 3C8CB6E822DED405005CCE34 /* webRTCTests.swift */; };
		3C8CB6F522DF0ED9005CCE34 /* WebKit.framework in Frameworks */ = {isa = PBXBuildFile; fileRef = 3C8CB6F422DF0ED9005CCE34 /* WebKit.framework */; };
/* End PBXBuildFile section */

/* Begin PBXContainerItemProxy section */
		3C8CB6E522DED405005CCE34 /* PBXContainerItemProxy */ = {
			isa = PBXContainerItemProxy;
			containerPortal = 3C8CB6C522DED403005CCE34 /* Project object */;
			proxyType = 1;
			remoteGlobalIDString = 3C8CB6CC22DED403005CCE34;
			remoteInfo = webRTC;
		};
/* End PBXContainerItemProxy section */

/* Begin PBXFileReference section */
		3C8CB6CD22DED403005CCE34 /* webRTC.app */ = {isa = PBXFileReference; explicitFileType = wrapper.application; includeInIndex = 0; path = webRTC.app; sourceTree = BUILT_PRODUCTS_DIR; };
		3C8CB6D022DED403005CCE34 /* AppDelegate.swift */ = {isa = PBXFileReference; lastKnownFileType = sourcecode.swift; path = AppDelegate.swift; sourceTree = "<group>"; };
		3C8CB6D222DED403005CCE34 /* ViewController.swift */ = {isa = PBXFileReference; lastKnownFileType = sourcecode.swift; path = ViewController.swift; sourceTree = "<group>"; };
		3C8CB6D522DED403005CCE34 /* Base */ = {isa = PBXFileReference; lastKnownFileType = file.storyboard; name = Base; path = Base.lproj/Main.storyboard; sourceTree = "<group>"; };
		3C8CB6D822DED403005CCE34 /* webRTC.xcdatamodel */ = {isa = PBXFileReference; lastKnownFileType = wrapper.xcdatamodel; path = webRTC.xcdatamodel; sourceTree = "<group>"; };
		3C8CB6DA22DED405005CCE34 /* Assets.xcassets */ = {isa = PBXFileReference; lastKnownFileType = folder.assetcatalog; path = Assets.xcassets; sourceTree = "<group>"; };
		3C8CB6DD22DED405005CCE34 /* Base */ = {isa = PBXFileReference; lastKnownFileType = file.storyboard; name = Base; path = Base.lproj/LaunchScreen.storyboard; sourceTree = "<group>"; };
		3C8CB6DF22DED405005CCE34 /* Info.plist */ = {isa = PBXFileReference; lastKnownFileType = text.plist.xml; path = Info.plist; sourceTree = "<group>"; };
		3C8CB6E422DED405005CCE34 /* webRTCTests.xctest */ = {isa = PBXFileReference; explicitFileType = wrapper.cfbundle; includeInIndex = 0; path = webRTCTests.xctest; sourceTree = BUILT_PRODUCTS_DIR; };
		3C8CB6E822DED405005CCE34 /* webRTCTests.swift */ = {isa = PBXFileReference; lastKnownFileType = sourcecode.swift; path = webRTCTests.swift; sourceTree = "<group>"; };
		3C8CB6EA22DED405005CCE34 /* Info.plist */ = {isa = PBXFileReference; lastKnownFileType = text.plist.xml; path = Info.plist; sourceTree = "<group>"; };
		3C8CB6F422DF0ED9005CCE34 /* WebKit.framework */ = {isa = PBXFileReference; lastKnownFileType = wrapper.framework; name = WebKit.framework; path = System/Library/Frameworks/WebKit.framework; sourceTree = SDKROOT; };
/* End PBXFileReference section */

/* Begin PBXFrameworksBuildPhase section */
		3C8CB6CA22DED403005CCE34 /* Frameworks */ = {
			isa = PBXFrameworksBuildPhase;
			buildActionMask = 2147483647;
			files = (
				3C8CB6F522DF0ED9005CCE34 /* WebKit.framework in Frameworks */,
			);
			runOnlyForDeploymentPostprocessing = 0;
		};
		3C8CB6E122DED405005CCE34 /* Frameworks */ = {
			isa = PBXFrameworksBuildPhase;
			buildActionMask = 2147483647;
			files = (
			);
			runOnlyForDeploymentPostprocessing = 0;
		};
/* End PBXFrameworksBuildPhase section */

/* Begin PBXGroup section */
		3C8CB6C422DED403005CCE34 = {
			isa = PBXGroup;
			children = (
				3C8CB6CF22DED403005CCE34 /* webRTC */,
				3C8CB6E722DED405005CCE34 /* webRTCTests */,
				3C8CB6CE22DED403005CCE34 /* Products */,
				3C8CB6F322DF0ED8005CCE34 /* Frameworks */,
			);
			sourceTree = "<group>";
		};
		3C8CB6CE22DED403005CCE34 /* Products */ = {
			isa = PBXGroup;
			children = (
				3C8CB6CD22DED403005CCE34 /* webRTC.app */,
				3C8CB6E422DED405005CCE34 /* webRTCTests.xctest */,
			);
			name = Products;
			sourceTree = "<group>";
		};
		3C8CB6CF22DED403005CCE34 /* webRTC */ = {
			isa = PBXGroup;
			children = (
				3C8CB6D022DED403005CCE34 /* AppDelegate.swift */,
				3C8CB6D222DED403005CCE34 /* ViewController.swift */,
				3C8CB6D422DED403005CCE34 /* Main.storyboard */,
				3C8CB6DA22DED405005CCE34 /* Assets.xcassets */,
				3C8CB6DC22DED405005CCE34 /* LaunchScreen.storyboard */,
				3C8CB6DF22DED405005CCE34 /* Info.plist */,
				3C8CB6D722DED403005CCE34 /* webRTC.xcdatamodeld */,
			);
			path = webRTC;
			sourceTree = "<group>";
		};
		3C8CB6E722DED405005CCE34 /* webRTCTests */ = {
			isa = PBXGroup;
			children = (
				3C8CB6E822DED405005CCE34 /* webRTCTests.swift */,
				3C8CB6EA22DED405005CCE34 /* Info.plist */,
			);
			path = webRTCTests;
			sourceTree = "<group>";
		};
		3C8CB6F322DF0ED8005CCE34 /* Frameworks */ = {
			isa = PBXGroup;
			children = (
				3C8CB6F422DF0ED9005CCE34 /* WebKit.framework */,
			);
			name = Frameworks;
			sourceTree = "<group>";
		};
/* End PBXGroup section */

/* Begin PBXNativeTarget section */
		3C8CB6CC22DED403005CCE34 /* webRTC */ = {
			isa = PBXNativeTarget;
			buildConfigurationList = 3C8CB6ED22DED405005CCE34 /* Build configuration list for PBXNativeTarget "webRTC" */;
			buildPhases = (
				3C8CB6C922DED403005CCE34 /* Sources */,
				3C8CB6CA22DED403005CCE34 /* Frameworks */,
				3C8CB6CB22DED403005CCE34 /* Resources */,
			);
			buildRules = (
			);
			dependencies = (
			);
			name = webRTC;
			productName = webRTC;
			productReference = 3C8CB6CD22DED403005CCE34 /* webRTC.app */;
			productType = "com.apple.product-type.application";
		};
		3C8CB6E322DED405005CCE34 /* webRTCTests */ = {
			isa = PBXNativeTarget;
			buildConfigurationList = 3C8CB6F022DED405005CCE34 /* Build configuration list for PBXNativeTarget "webRTCTests" */;
			buildPhases = (
				3C8CB6E022DED405005CCE34 /* Sources */,
				3C8CB6E122DED405005CCE34 /* Frameworks */,
				3C8CB6E222DED405005CCE34 /* Resources */,
			);
			buildRules = (
			);
			dependencies = (
				3C8CB6E622DED405005CCE34 /* PBXTargetDependency */,
			);
			name = webRTCTests;
			productName = webRTCTests;
			productReference = 3C8CB6E422DED405005CCE34 /* webRTCTests.xctest */;
			productType = "com.apple.product-type.bundle.unit-test";
		};
/* End PBXNativeTarget section */

/* Begin PBXProject section */
		3C8CB6C522DED403005CCE34 /* Project object */ = {
			isa = PBXProject;
			attributes = {
				LastSwiftUpdateCheck = 1020;
				LastUpgradeCheck = 1020;
				ORGANIZATIONNAME = Rick;
				TargetAttributes = {
					3C8CB6CC22DED403005CCE34 = {
						CreatedOnToolsVersion = 10.2;
					};
					3C8CB6E322DED405005CCE34 = {
						CreatedOnToolsVersion = 10.2;
						TestTargetID = 3C8CB6CC22DED403005CCE34;
					};
				};
			};
			buildConfigurationList = 3C8CB6C822DED403005CCE34 /* Build configuration list for PBXProject "webRTC" */;
			compatibilityVersion = "Xcode 9.3";
			developmentRegion = en;
			hasScannedForEncodings = 0;
			knownRegions = (
				en,
				Base,
			);
			mainGroup = 3C8CB6C422DED403005CCE34;
			productRefGroup = 3C8CB6CE22DED403005CCE34 /* Products */;
			projectDirPath = "";
			projectRoot = "";
			targets = (
				3C8CB6CC22DED403005CCE34 /* webRTC */,
				3C8CB6E322DED405005CCE34 /* webRTCTests */,
			);
		};
/* End PBXProject section */

/* Begin PBXResourcesBuildPhase section */
		3C8CB6CB22DED403005CCE34 /* Resources */ = {
			isa = PBXResourcesBuildPhase;
			buildActionMask = 2147483647;
			files = (
				3C8CB6DE22DED405005CCE34 /* LaunchScreen.storyboard in Resources */,
				3C8CB6DB22DED405005CCE34 /* Assets.xcassets in Resources */,
				3C8CB6D622DED403005CCE34 /* Main.storyboard in Resources */,
			);
			runOnlyForDeploymentPostprocessing = 0;
		};
		3C8CB6E222DED405005CCE34 /* Resources */ = {
			isa = PBXResourcesBuildPhase;
			buildActionMask = 2147483647;
			files = (
			);
			runOnlyForDeploymentPostprocessing = 0;
		};
/* End PBXResourcesBuildPhase section */

/* Begin PBXSourcesBuildPhase section */
		3C8CB6C922DED403005CCE34 /* Sources */ = {
			isa = PBXSourcesBuildPhase;
			buildActionMask = 2147483647;
			files = (
				3C8CB6D922DED403005CCE34 /* webRTC.xcdatamodeld in Sources */,
				3C8CB6D322DED403005CCE34 /* ViewController.swift in Sources */,
				3C8CB6D122DED403005CCE34 /* AppDelegate.swift in Sources */,
			);
			runOnlyForDeploymentPostprocessing = 0;
		};
		3C8CB6E022DED405005CCE34 /* Sources */ = {
			isa = PBXSourcesBuildPhase;
			buildActionMask = 2147483647;
			files = (
				3C8CB6E922DED405005CCE34 /* webRTCTests.swift in Sources */,
			);
			runOnlyForDeploymentPostprocessing = 0;
		};
/* End PBXSourcesBuildPhase section */

/* Begin PBXTargetDependency section */
		3C8CB6E622DED405005CCE34 /* PBXTargetDependency */ = {
			isa = PBXTargetDependency;
			target = 3C8CB6CC22DED403005CCE34 /* webRTC */;
			targetProxy = 3C8CB6E522DED405005CCE34 /* PBXContainerItemProxy */;
		};
/* End PBXTargetDependency section */

/* Begin PBXVariantGroup section */
		3C8CB6D422DED403005CCE34 /* Main.storyboard */ = {
			isa = PBXVariantGroup;
			children = (
				3C8CB6D522DED403005CCE34 /* Base */,
			);
			name = Main.storyboard;
			sourceTree = "<group>";
		};
		3C8CB6DC22DED405005CCE34 /* LaunchScreen.storyboard */ = {
			isa = PBXVariantGroup;
			children = (
				3C8CB6DD22DED405005CCE34 /* Base */,
			);
			name = LaunchScreen.storyboard;
			sourceTree = "<group>";
		};
/* End PBXVariantGroup section */

/* Begin XCBuildConfiguration section */
		3C8CB6EB22DED405005CCE34 /* Debug */ = {
			isa = XCBuildConfiguration;
			buildSettings = {
				ALWAYS_SEARCH_USER_PATHS = NO;
				CLANG_ANALYZER_NONNULL = YES;
				CLANG_ANALYZER_NUMBER_OBJECT_CONVERSION = YES_AGGRESSIVE;
				CLANG_CXX_LANGUAGE_STANDARD = "gnu++14";
				CLANG_CXX_LIBRARY = "libc++";
				CLANG_ENABLE_MODULES = YES;
				CLANG_ENABLE_OBJC_ARC = YES;
				CLANG_ENABLE_OBJC_WEAK = YES;
				CLANG_WARN_BLOCK_CAPTURE_AUTORELEASING = YES;
				CLANG_WARN_BOOL_CONVERSION = YES;
				CLANG_WARN_COMMA = YES;
				CLANG_WARN_CONSTANT_CONVERSION = YES;
				CLANG_WARN_DEPRECATED_OBJC_IMPLEMENTATIONS = YES;
				CLANG_WARN_DIRECT_OBJC_ISA_USAGE = YES_ERROR;
				CLANG_WARN_DOCUMENTATION_COMMENTS = YES;
				CLANG_WARN_EMPTY_BODY = YES;
				CLANG_WARN_ENUM_CONVERSION = YES;
				CLANG_WARN_INFINITE_RECURSION = YES;
				CLANG_WARN_INT_CONVERSION = YES;
				CLANG_WARN_NON_LITERAL_NULL_CONVERSION = YES;
				CLANG_WARN_OBJC_IMPLICIT_RETAIN_SELF = YES;
				CLANG_WARN_OBJC_LITERAL_CONVERSION = YES;
				CLANG_WARN_OBJC_ROOT_CLASS = YES_ERROR;
				CLANG_WARN_RANGE_LOOP_ANALYSIS = YES;
				CLANG_WARN_STRICT_PROTOTYPES = YES;
				CLANG_WARN_SUSPICIOUS_MOVE = YES;
				CLANG_WARN_UNGUARDED_AVAILABILITY = YES_AGGRESSIVE;
				CLANG_WARN_UNREACHABLE_CODE = YES;
				CLANG_WARN__DUPLICATE_METHOD_MATCH = YES;
				CODE_SIGN_IDENTITY = "iPhone Developer";
				COPY_PHASE_STRIP = NO;
				DEBUG_INFORMATION_FORMAT = dwarf;
				ENABLE_STRICT_OBJC_MSGSEND = YES;
				ENABLE_TESTABILITY = YES;
				GCC_C_LANGUAGE_STANDARD = gnu11;
				GCC_DYNAMIC_NO_PIC = NO;
				GCC_NO_COMMON_BLOCKS = YES;
				GCC_OPTIMIZATION_LEVEL = 0;
				GCC_PREPROCESSOR_DEFINITIONS = (
					"DEBUG=1",
					"$(inherited)",
				);
				GCC_WARN_64_TO_32_BIT_CONVERSION = YES;
				GCC_WARN_ABOUT_RETURN_TYPE = YES_ERROR;
				GCC_WARN_UNDECLARED_SELECTOR = YES;
				GCC_WARN_UNINITIALIZED_AUTOS = YES_AGGRESSIVE;
				GCC_WARN_UNUSED_FUNCTION = YES;
				GCC_WARN_UNUSED_VARIABLE = YES;
				IPHONEOS_DEPLOYMENT_TARGET = 12.2;
				MTL_ENABLE_DEBUG_INFO = INCLUDE_SOURCE;
				MTL_FAST_MATH = YES;
				ONLY_ACTIVE_ARCH = YES;
				SDKROOT = iphoneos;
				SWIFT_ACTIVE_COMPILATION_CONDITIONS = DEBUG;
				SWIFT_OPTIMIZATION_LEVEL = "-Onone";
			};
			name = Debug;
		};
		3C8CB6EC22DED405005CCE34 /* Release */ = {
			isa = XCBuildConfiguration;
			buildSettings = {
				ALWAYS_SEARCH_USER_PATHS = NO;
				CLANG_ANALYZER_NONNULL = YES;
				CLANG_ANALYZER_NUMBER_OBJECT_CONVERSION = YES_AGGRESSIVE;
				CLANG_CXX_LANGUAGE_STANDARD = "gnu++14";
				CLANG_CXX_LIBRARY = "libc++";
				CLANG_ENABLE_MODULES = YES;
				CLANG_ENABLE_OBJC_ARC = YES;
				CLANG_ENABLE_OBJC_WEAK = YES;
				CLANG_WARN_BLOCK_CAPTURE_AUTORELEASING = YES;
				CLANG_WARN_BOOL_CONVERSION = YES;
				CLANG_WARN_COMMA = YES;
				CLANG_WARN_CONSTANT_CONVERSION = YES;
				CLANG_WARN_DEPRECATED_OBJC_IMPLEMENTATIONS = YES;
				CLANG_WARN_DIRECT_OBJC_ISA_USAGE = YES_ERROR;
				CLANG_WARN_DOCUMENTATION_COMMENTS = YES;
				CLANG_WARN_EMPTY_BODY = YES;
				CLANG_WARN_ENUM_CONVERSION = YES;
				CLANG_WARN_INFINITE_RECURSION = YES;
				CLANG_WARN_INT_CONVERSION = YES;
				CLANG_WARN_NON_LITERAL_NULL_CONVERSION = YES;
				CLANG_WARN_OBJC_IMPLICIT_RETAIN_SELF = YES;
				CLANG_WARN_OBJC_LITERAL_CONVERSION = YES;
				CLANG_WARN_OBJC_ROOT_CLASS = YES_ERROR;
				CLANG_WARN_RANGE_LOOP_ANALYSIS = YES;
				CLANG_WARN_STRICT_PROTOTYPES = YES;
				CLANG_WARN_SUSPICIOUS_MOVE = YES;
				CLANG_WARN_UNGUARDED_AVAILABILITY = YES_AGGRESSIVE;
				CLANG_WARN_UNREACHABLE_CODE = YES;
				CLANG_WARN__DUPLICATE_METHOD_MATCH = YES;
				CODE_SIGN_IDENTITY = "iPhone Developer";
				COPY_PHASE_STRIP = NO;
				DEBUG_INFORMATION_FORMAT = "dwarf-with-dsym";
				ENABLE_NS_ASSERTIONS = NO;
				ENABLE_STRICT_OBJC_MSGSEND = YES;
				GCC_C_LANGUAGE_STANDARD = gnu11;
				GCC_NO_COMMON_BLOCKS = YES;
				GCC_WARN_64_TO_32_BIT_CONVERSION = YES;
				GCC_WARN_ABOUT_RETURN_TYPE = YES_ERROR;
				GCC_WARN_UNDECLARED_SELECTOR = YES;
				GCC_WARN_UNINITIALIZED_AUTOS = YES_AGGRESSIVE;
				GCC_WARN_UNUSED_FUNCTION = YES;
				GCC_WARN_UNUSED_VARIABLE = YES;
				IPHONEOS_DEPLOYMENT_TARGET = 12.2;
				MTL_ENABLE_DEBUG_INFO = NO;
				MTL_FAST_MATH = YES;
				SDKROOT = iphoneos;
				SWIFT_COMPILATION_MODE = wholemodule;
				SWIFT_OPTIMIZATION_LEVEL = "-O";
				VALIDATE_PRODUCT = YES;
			};
			name = Release;
		};
		3C8CB6EE22DED405005CCE34 /* Debug */ = {
			isa = XCBuildConfiguration;
			buildSettings = {
				ASSETCATALOG_COMPILER_APPICON_NAME = AppIcon;
				CODE_SIGN_STYLE = Automatic;
				DEVELOPMENT_TEAM = 9DT83XQ2BD;
				INFOPLIST_FILE = webRTC/Info.plist;
				LD_RUNPATH_SEARCH_PATHS = (
					"$(inherited)",
					"@executable_path/Frameworks",
				);
				PRODUCT_BUNDLE_IDENTIFIER = com.experiment.rick.webRTC;
				PRODUCT_NAME = "$(TARGET_NAME)";
				SWIFT_VERSION = 5.0;
				TARGETED_DEVICE_FAMILY = "1,2";
			};
			name = Debug;
		};
		3C8CB6EF22DED405005CCE34 /* Release */ = {
			isa = XCBuildConfiguration;
			buildSettings = {
				ASSETCATALOG_COMPILER_APPICON_NAME = AppIcon;
				CODE_SIGN_STYLE = Automatic;
				DEVELOPMENT_TEAM = 9DT83XQ2BD;
				INFOPLIST_FILE = webRTC/Info.plist;
				LD_RUNPATH_SEARCH_PATHS = (
					"$(inherited)",
					"@executable_path/Frameworks",
				);
				PRODUCT_BUNDLE_IDENTIFIER = com.experiment.rick.webRTC;
				PRODUCT_NAME = "$(TARGET_NAME)";
				SWIFT_VERSION = 5.0;
				TARGETED_DEVICE_FAMILY = "1,2";
			};
			name = Release;
		};
		3C8CB6F122DED405005CCE34 /* Debug */ = {
			isa = XCBuildConfiguration;
			buildSettings = {
				ALWAYS_EMBED_SWIFT_STANDARD_LIBRARIES = YES;
				BUNDLE_LOADER = "$(TEST_HOST)";
				CODE_SIGN_STYLE = Automatic;
				INFOPLIST_FILE = webRTCTests/Info.plist;
				LD_RUNPATH_SEARCH_PATHS = (
					"$(inherited)",
					"@executable_path/Frameworks",
					"@loader_path/Frameworks",
				);
				PRODUCT_BUNDLE_IDENTIFIER = com.experiment.rick.webRTCTests;
				PRODUCT_NAME = "$(TARGET_NAME)";
				SWIFT_VERSION = 5.0;
				TARGETED_DEVICE_FAMILY = "1,2";
				TEST_HOST = "$(BUILT_PRODUCTS_DIR)/webRTC.app/webRTC";
			};
			name = Debug;
		};
		3C8CB6F222DED405005CCE34 /* Release */ = {
			isa = XCBuildConfiguration;
			buildSettings = {
				ALWAYS_EMBED_SWIFT_STANDARD_LIBRARIES = YES;
				BUNDLE_LOADER = "$(TEST_HOST)";
				CODE_SIGN_STYLE = Automatic;
				INFOPLIST_FILE = webRTCTests/Info.plist;
				LD_RUNPATH_SEARCH_PATHS = (
					"$(inherited)",
					"@executable_path/Frameworks",
					"@loader_path/Frameworks",
				);
				PRODUCT_BUNDLE_IDENTIFIER = com.experiment.rick.webRTCTests;
				PRODUCT_NAME = "$(TARGET_NAME)";
				SWIFT_VERSION = 5.0;
				TARGETED_DEVICE_FAMILY = "1,2";
				TEST_HOST = "$(BUILT_PRODUCTS_DIR)/webRTC.app/webRTC";
			};
			name = Release;
		};
/* End XCBuildConfiguration section */

/* Begin XCConfigurationList section */
		3C8CB6C822DED403005CCE34 /* Build configuration list for PBXProject "webRTC" */ = {
			isa = XCConfigurationList;
			buildConfigurations = (
				3C8CB6EB22DED405005CCE34 /* Debug */,
				3C8CB6EC22DED405005CCE34 /* Release */,
			);
			defaultConfigurationIsVisible = 0;
			defaultConfigurationName = Release;
		};
		3C8CB6ED22DED405005CCE34 /* Build configuration list for PBXNativeTarget "webRTC" */ = {
			isa = XCConfigurationList;
			buildConfigurations = (
				3C8CB6EE22DED405005CCE34 /* Debug */,
				3C8CB6EF22DED405005CCE34 /* Release */,
			);
			defaultConfigurationIsVisible = 0;
			defaultConfigurationName = Release;
		};
		3C8CB6F022DED405005CCE34 /* Build configuration list for PBXNativeTarget "webRTCTests" */ = {
			isa = XCConfigurationList;
			buildConfigurations = (
				3C8CB6F122DED405005CCE34 /* Debug */,
				3C8CB6F222DED405005CCE34 /* Release */,
			);
			defaultConfigurationIsVisible = 0;
			defaultConfigurationName = Release;
		};
/* End XCConfigurationList section */

/* Begin XCVersionGroup section */
		3C8CB6D722DED403005CCE34 /* webRTC.xcdatamodeld */ = {
			isa = XCVersionGroup;
			children = (
				3C8CB6D822DED403005CCE34 /* webRTC.xcdatamodel */,
			);
			currentVersion = 3C8CB6D822DED403005CCE34 /* webRTC.xcdatamodel */;
			path = webRTC.xcdatamodeld;
			sourceTree = "<group>";
			versionGroupType = wrapper.xcdatamodel;
		};
/* End XCVersionGroup section */
	};
	rootObject = 3C8CB6C522DED403005CCE34 /* Project object */;
}
